{
  "version": 4,
  "terraform_version": "1.15.8",
  "serial": 30,
  "lineage": "9c968aa0-1b67-4164-4788-717e2b216bcc",
  "outputs": {
    "app_service_account_email": {
      "value": "restaurant-finder-app@mktg-vdc-poc-r83n.iam.gserviceaccount.com",
      "type": "string"
    },
    "cloud_run_service_name": {
      "value": "restaurant-finder",
      "type": "string"
    },
    "cloud_run_service_url": {
      "value": "https://restaurant-finder-7qtiac2pdq-ue.a.run.app",
      "type": "string"
    },
    "logs_bucket_name": {
      "value": "mktg-vdc-poc-r83n-restaurant-finder-logs",
      "type": "string"
    },
    "telemetry_bigquery_connection_id": {
      "value": "restaurant-finder-genai-telemetry",
      "type": "string"
    },
    "telemetry_dataset_id": {
      "value": "restaurant_finder_telemetry",
      "type": "string"
    }
  },
  "resources": [
    {
      "mode": "data",
      "type": "google_project",
      "name": "project",
      "provider": "provider[\"registry.terraform.io/hashicorp/google\"]",
      "instances": [
        {
          "schema_version": 0,
          "attributes": {
            "auto_create_network": null,
            "billing_account": "010F00-21F5DD-B013ED",
            "deletion_policy": "PREVENT",
            "effective_labels": {
              "account_type": "enterprise",
              "cloudx-gcp-usercompliance": "noncisco",
              "environment": "nonprod",
              "esp_cloudaccount_id": "fd820d2647f9f5949969c535a36d43de",
              "last_revalidated_at": "2026-04-17",
              "last_revalidated_by": "sadabhar",
              "owner_group": "aai-engineering-coe",
              "webex-notification-space": "b4211380-3d84-11f1-92cc-7b9de675a195"
            },
            "folder_id": "277943694812",
            "id": "projects/mktg-vdc-poc-r83n",
            "labels": {
              "account_type": "enterprise",
              "cloudx-gcp-usercompliance": "noncisco",
              "environment": "nonprod",
              "esp_cloudaccount_id": "fd820d2647f9f5949969c535a36d43de",
              "last_revalidated_at": "2026-04-17",
              "last_revalidated_by": "sadabhar",
              "owner_group": "aai-engineering-coe",
              "webex-notification-space": "b4211380-3d84-11f1-92cc-7b9de675a195"
            },
            "name": "mktg-vdc",
            "number": "689632009240",
            "org_id": "",
            "project_id": "mktg-vdc-poc-r83n",
            "tags": null,
            "terraform_labels": {
              "account_type": "enterprise",
              "cloudx-gcp-usercompliance": "noncisco",
              "environment": "nonprod",
              "esp_cloudaccount_id": "fd820d2647f9f5949969c535a36d43de",
              "last_revalidated_at": "2026-04-17",
              "last_revalidated_by": "sadabhar",
              "owner_group": "aai-engineering-coe",
              "webex-notification-space": "b4211380-3d84-11f1-92cc-7b9de675a195"
            }
          },
          "sensitive_attributes": [],
          "identity_schema_version": 0
        }
      ]
    },
    {
      "mode": "managed",
      "type": "google_bigquery_connection",
      "name": "genai_telemetry_connection",
      "provider": "provider[\"registry.terraform.io/hashicorp/google\"]",
      "instances": [
        {
          "schema_version": 0,
          "attributes": {
            "aws": [],
            "azure": [],
            "cloud_resource": [
              {
                "service_account_id": "bqcx-689632009240-jv1l@gcp-sa-bigquery-condel.iam.gserviceaccount.com"
              }
            ],
            "cloud_spanner": [],
            "cloud_sql": [],
            "connection_id": "restaurant-finder-genai-telemetry",
            "description": "",
            "friendly_name": "restaurant-finder GenAI Telemetry Connection",
            "has_credential": false,
            "id": "projects/mktg-vdc-poc-r83n/locations/us-east1/connections/restaurant-finder-genai-telemetry",
            "kms_key_name": "",
            "location": "us-east1",
            "name": "projects/689632009240/locations/us-east1/connections/restaurant-finder-genai-telemetry",
            "project": "mktg-vdc-poc-r83n",
            "spark": [],
            "timeouts": null
          },
          "sensitive_attributes": [],
          "identity_schema_version": 1,
          "identity": {
            "connection_id": "restaurant-finder-genai-telemetry",
            "location": "us-east1",
            "project": "mktg-vdc-poc-r83n"
          },
          "private": "eyJlMmJmYjczMC1lY2FhLTExZTYtOGY4OC0zNDM2M2JjN2M0YzAiOnsiY3JlYXRlIjoxMjAwMDAwMDAwMDAwLCJkZWxldGUiOjEyMDAwMDAwMDAwMDAsInVwZGF0ZSI6MTIwMDAwMDAwMDAwMH19",
          "dependencies": [
            "google_project_service.services"
          ]
        }
      ]
    },
    {
      "mode": "managed",
      "type": "google_bigquery_dataset",
      "name": "telemetry_dataset",
      "provider": "provider[\"registry.terraform.io/hashicorp/google\"]",
      "instances": [
        {
          "schema_version": 0,
          "attributes": {
            "access": [
              {
                "condition": [],
                "dataset": [],
                "domain": "",
                "group_by_email": "",
                "iam_member": "",
                "role": "OWNER",
                "routine": [],
                "special_group": "",
                "user_by_email": "tgameste@cisco.com",
                "view": []
              },
              {
                "condition": [],
                "dataset": [],
                "domain": "",
                "group_by_email": "",
                "iam_member": "",
                "role": "OWNER",
                "routine": [],
                "special_group": "projectOwners",
                "user_by_email": "",
                "view": []
              },
              {
                "condition": [],
                "dataset": [],
                "domain": "",
                "group_by_email": "",
                "iam_member": "",
                "role": "READER",
                "routine": [],
                "special_group": "projectReaders",
                "user_by_email": "",
                "view": []
              },
              {
                "condition": [],
                "dataset": [],
                "domain": "",
                "group_by_email": "",
                "iam_member": "",
                "role": "WRITER",
                "routine": [],
                "special_group": "projectWriters",
                "user_by_email": "",
                "view": []
              }
            ],
            "creation_time": 1787924856524,
            "dataset_id": "restaurant_finder_telemetry",
            "default_collation": "",
            "default_encryption_configuration": [],
            "default_partition_expiration_ms": 0,
            "default_table_expiration_ms": 0,
            "delete_contents_on_destroy": false,
            "description": "Dataset for GenAI telemetry data stored in GCS",
            "effective_labels": {
              "goog-terraform-provisioned": "true"
            },
            "etag": "PV/fd4O6l+/Iy6rh7TExpw==",
            "external_catalog_dataset_options": [],
            "external_dataset_reference": [],
            "friendly_name": "restaurant-finder Telemetry",
            "id": "projects/mktg-vdc-poc-r83n/datasets/restaurant_finder_telemetry",
            "is_case_insensitive": false,
            "labels": null,
            "last_modified_time": 1787924856524,
            "location": "us-east1",
            "max_time_travel_hours": "168",
            "project": "mktg-vdc-poc-r83n",
            "resource_tags": null,
            "self_link": "https://bigquery.googleapis.com/bigquery/v2/projects/mktg-vdc-poc-r83n/datasets/restaurant_finder_telemetry",
            "storage_billing_model": "",
            "terraform_labels": {
              "goog-terraform-provisioned": "true"
            },
            "timeouts": null
          },
          "sensitive_attributes": [],
          "identity_schema_version": 0,
          "private": "eyJlMmJmYjczMC1lY2FhLTExZTYtOGY4OC0zNDM2M2JjN2M0YzAiOnsiY3JlYXRlIjoxMjAwMDAwMDAwMDAwLCJkZWxldGUiOjEyMDAwMDAwMDAwMDAsInVwZGF0ZSI6MTIwMDAwMDAwMDAwMH19",
          "dependencies": [
            "google_project_service.services"
          ]
        }
      ]
    },
    {
      "mode": "managed",
      "type": "google_bigquery_dataset_iam_member",
      "name": "genai_logs_bq_writer",
      "provider": "provider[\"registry.terraform.io/hashicorp/google\"]",
      "instances": [
        {
          "schema_version": 0,
          "attributes": {
            "condition": [],
            "dataset_id": "restaurant_finder_telemetry",
            "etag": "",
            "id": "projects/mktg-vdc-poc-r83n/datasets/restaurant_finder_telemetry/roles/bigquery.dataEditor/serviceAccount:service-689632009240@gcp-sa-logging.iam.gserviceaccount.com",
            "member": "serviceAccount:service-689632009240@gcp-sa-logging.iam.gserviceaccount.com",
            "project": "mktg-vdc-poc-r83n",
            "role": "roles/bigquery.dataEditor"
          },
          "sensitive_attributes": [],
          "identity_schema_version": 0,
          "private": "bnVsbA==",
          "dependencies": [
            "google_bigquery_dataset.telemetry_dataset",
            "google_logging_project_sink.genai_logs_to_bq",
            "google_project_service.services"
          ]
        }
      ]
    },
    {
      "mode": "managed",
      "type": "google_bigquery_table",
      "name": "completions_external_table",
      "provider": "provider[\"registry.terraform.io/hashicorp/google\"]",
      "instances": [
        {
          "schema_version": 0,
          "attributes": {
            "biglake_configuration": [],
            "clustering": null,
            "creation_time": 1787924871645,
            "dataset_id": "restaurant_finder_telemetry",
            "deletion_protection": false,
            "description": "",
            "effective_labels": {
              "goog-terraform-provisioned": "true"
            },
            "encryption_configuration": [],
            "etag": "lvrjEFdrWZgf9LpE5gTuuw==",
            "expiration_time": 0,
            "external_catalog_table_options": [],
            "external_data_configuration": [
              {
                "autodetect": false,
                "avro_options": [],
                "bigtable_options": [],
                "compression": "NONE",
                "connection_id": "689632009240.us-east1.restaurant-finder-genai-telemetry",
                "csv_options": [],
                "decimal_target_types": null,
                "file_set_spec_type": "",
                "google_sheets_options": [],
                "hive_partitioning_options": [],
                "ignore_unknown_values": true,
                "json_extension": "",
                "json_options": [],
                "max_bad_records": 1000,
                "metadata_cache_mode": "",
                "object_metadata": "",
                "parquet_options": [],
                "reference_file_schema_uri": "",
                "schema": "",
                "source_format": "NEWLINE_DELIMITED_JSON",
                "source_uris": [
                  "gs://mktg-vdc-poc-r83n-restaurant-finder-logs/completions/*"
                ]
              }
            ],
            "friendly_name": "",
            "generated_schema_columns": "",
            "id": "projects/mktg-vdc-poc-r83n/datasets/restaurant_finder_telemetry/tables/completions",
            "ignore_auto_generated_schema": false,
            "ignore_schema_changes": null,
            "labels": null,
            "last_modified_time": 1787924871942,
            "location": "us-east1",
            "materialized_view": [],
            "max_staleness": "",
            "num_bytes": 0,
            "num_long_term_bytes": 0,
            "num_rows": 0,
            "project": "mktg-vdc-poc-r83n",
            "range_partitioning": [],
            "require_partition_filter": false,
            "resource_tags": null,
            "schema": "[{\"fields\":[{\"mode\":\"NULLABLE\",\"name\":\"type\",\"type\":\"STRING\"},{\"mode\":\"NULLABLE\",\"name\":\"content\",\"type\":\"STRING\"},{\"mode\":\"NULLABLE\",\"name\":\"mime_type\",\"type\":\"STRING\"},{\"mode\":\"NULLABLE\",\"name\":\"uri\",\"type\":\"STRING\"},{\"mode\":\"NULLABLE\",\"name\":\"data\",\"type\":\"BYTES\"},{\"mode\":\"NULLABLE\",\"name\":\"id\",\"type\":\"STRING\"},{\"mode\":\"NULLABLE\",\"name\":\"name\",\"type\":\"STRING\"},{\"mode\":\"NULLABLE\",\"name\":\"arguments\",\"type\":\"JSON\"},{\"mode\":\"NULLABLE\",\"name\":\"response\",\"type\":\"JSON\"}],\"mode\":\"REPEATED\",\"name\":\"parts\",\"type\":\"RECORD\"},{\"mode\":\"NULLABLE\",\"name\":\"role\",\"type\":\"STRING\"},{\"mode\":\"NULLABLE\",\"name\":\"index\",\"type\":\"INTEGER\"}]",
            "schema_foreign_type_info": [],
            "self_link": "https://bigquery.googleapis.com/bigquery/v2/projects/mktg-vdc-poc-r83n/datasets/restaurant_finder_telemetry/tables/completions",
            "table_constraints": [],
            "table_id": "completions",
            "table_metadata_view": null,
            "table_replication_info": [],
            "terraform_labels": {
              "goog-terraform-provisioned": "true"
            },
            "time_partitioning": [],
            "type": "EXTERNAL",
            "view": []
          },
          "sensitive_attributes": [],
          "identity_schema_version": 0,
          "private": "bnVsbA==",
          "dependencies": [
            "google_bigquery_connection.genai_telemetry_connection",
            "google_bigquery_dataset.telemetry_dataset",
            "google_project_service.services",
            "google_storage_bucket.logs_data_bucket",
            "google_storage_bucket_iam_member.telemetry_connection_access",
            "time_sleep.wait_for_bq_connection_sa"
          ]
        }
      ]
    },
    {
      "mode": "managed",
      "type": "google_bigquery_table",
      "name": "completions_view",
      "provider": "provider[\"registry.terraform.io/hashicorp/google\"]",
      "instances": [
        {
          "schema_version": 0,
          "attributes": {
            "biglake_configuration": [],
            "clustering": null,
            "creation_time": 1787924872777,
            "dataset_id": "restaurant_finder_telemetry",
            "deletion_protection": false,
            "description": "View of GenAI completion logs joined with the GCS prompt/response external table",
            "effective_labels": {
              "goog-terraform-provisioned": "true"
            },
            "encryption_configuration": [],
            "etag": "Yw0LyXo36YQ1+Dlp8qGT1w==",
            "expiration_time": 0,
            "external_catalog_table_options": [],
            "external_data_configuration": [],
            "friendly_name": "",
            "generated_schema_columns": "",
            "id": "projects/mktg-vdc-poc-r83n/datasets/restaurant_finder_telemetry/tables/completions_view",
            "ignore_auto_generated_schema": false,
            "ignore_schema_changes": null,
            "labels": null,
            "last_modified_time": 1787924873373,
            "location": "us-east1",
            "materialized_view": [],
            "max_staleness": "",
            "num_bytes": 0,
            "num_long_term_bytes": 0,
            "num_rows": 0,
            "project": "mktg-vdc-poc-r83n",
            "range_partitioning": [],
            "require_partition_filter": false,
            "resource_tags": null,
            "schema": "[{\"mode\":\"NULLABLE\",\"name\":\"timestamp\",\"type\":\"TIMESTAMP\"},{\"mode\":\"NULLABLE\",\"name\":\"insert_id\",\"type\":\"STRING\"},{\"mode\":\"NULLABLE\",\"name\":\"trace\",\"type\":\"STRING\"},{\"mode\":\"NULLABLE\",\"name\":\"span_id\",\"type\":\"STRING\"},{\"mode\":\"NULLABLE\",\"name\":\"conversation_id\",\"type\":\"STRING\"},{\"mode\":\"NULLABLE\",\"name\":\"api_call_id\",\"type\":\"STRING\"},{\"mode\":\"NULLABLE\",\"name\":\"message_type\",\"type\":\"STRING\"},{\"mode\":\"NULLABLE\",\"name\":\"role\",\"type\":\"STRING\"},{\"mode\":\"NULLABLE\",\"name\":\"message_idx\",\"type\":\"INTEGER\"},{\"mode\":\"NULLABLE\",\"name\":\"part_idx\",\"type\":\"INTEGER\"},{\"mode\":\"NULLABLE\",\"name\":\"content\",\"type\":\"STRING\"},{\"mode\":\"NULLABLE\",\"name\":\"part_type\",\"type\":\"STRING\"},{\"mode\":\"NULLABLE\",\"name\":\"tool_name\",\"type\":\"STRING\"},{\"mode\":\"NULLABLE\",\"name\":\"tool_args\",\"type\":\"JSON\"},{\"mode\":\"NULLABLE\",\"name\":\"tool_response\",\"type\":\"JSON\"},{\"mode\":\"NULLABLE\",\"name\":\"usage_input_tokens\",\"type\":\"STRING\"},{\"mode\":\"NULLABLE\",\"name\":\"usage_output_tokens\",\"type\":\"STRING\"},{\"mode\":\"NULLABLE\",\"name\":\"agent_name\",\"type\":\"STRING\"},{\"mode\":\"NULLABLE\",\"name\":\"finish_reasons\",\"type\":\"STRING\"},{\"mode\":\"NULLABLE\",\"name\":\"uri\",\"type\":\"STRING\"},{\"mode\":\"NULLABLE\",\"name\":\"mime_type\",\"type\":\"STRING\"},{\"mode\":\"NULLABLE\",\"name\":\"data_md5_hex\",\"type\":\"STRING\"},{\"mode\":\"NULLABLE\",\"name\":\"messages_ref_uri\",\"type\":\"STRING\"}]",
            "schema_foreign_type_info": [],
            "self_link": "https://bigquery.googleapis.com/bigquery/v2/projects/mktg-vdc-poc-r83n/datasets/restaurant_finder_telemetry/tables/completions_view",
            "table_constraints": [],
            "table_id": "completions_view",
            "table_metadata_view": null,
            "table_replication_info": [],
            "terraform_labels": {
              "goog-terraform-provisioned": "true"
            },
            "time_partitioning": [],
            "type": "VIEW",
            "view": [
              {
                "query": "-- Copyright 2026 Google LLC\n--\n-- Licensed under the Apache License, Version 2.0 (the \"License\");\n-- you may not use this file except in compliance with the License.\n-- You may obtain a copy of the License at\n--\n--     https://www.apache.org/licenses/LICENSE-2.0\n--\n-- Unless required by applicable law or agreed to in writing, software\n-- distributed under the License is distributed on an \"AS IS\" BASIS,\n-- WITHOUT WARRANTIES OR CONDITIONS OF ANY KIND, either express or implied.\n-- See the License for the specific language governing permissions and\n-- limitations under the License.\n\n-- Optimized join of Cloud Logging BQ export data with GCS-stored prompt/response data.\n-- This query extracts both input and output messages referenced in logs.\n-- Note: Input files contain full conversation history, so messages may appear multiple times.\n--\n-- Log data is exported directly to BigQuery via log sinks.\n-- The GenAI log table (gen_ai_client_inference_operation_details) is pre-created by Terraform and\n-- populated by Cloud Logging via the sink.\n-- Labels are flattened into individual columns (dots replaced with underscores).\n\n-- Extract message references from Cloud Logging BQ export (scan once, extract both input/output)\nWITH log_refs AS (\n  SELECT\n    insertId AS insert_id,\n    timestamp,\n    trace,\n    spanId AS span_id,\n    labels.gen_ai_conversation_id AS conversation_id,\n    labels.gen_ai_input_messages_ref AS input_ref,\n    labels.gen_ai_output_messages_ref AS output_ref,\n    labels.gen_ai_usage_input_tokens AS usage_input_tokens,\n    labels.gen_ai_usage_output_tokens AS usage_output_tokens,\n    labels.gen_ai_agent_name AS agent_name,\n    labels.gen_ai_response_finish_reasons AS finish_reasons\n  FROM `mktg-vdc-poc-r83n.restaurant_finder_telemetry.gen_ai_client_inference_operation_details`\n  WHERE labels.gen_ai_input_messages_ref IS NOT NULL\n     OR labels.gen_ai_output_messages_ref IS NOT NULL\n),\n\n-- Unpivot to get one row per message reference\nunpivoted_refs AS (\n  SELECT\n    insert_id,\n    timestamp,\n    trace,\n    span_id,\n    conversation_id,\n    usage_input_tokens,\n    usage_output_tokens,\n    agent_name,\n    finish_reasons,\n    input_ref AS messages_ref_uri,\n    'input' AS message_type\n  FROM log_refs\n  WHERE input_ref IS NOT NULL\n\n  UNION ALL\n\n  SELECT\n    insert_id,\n    timestamp,\n    trace,\n    span_id,\n    conversation_id,\n    usage_input_tokens,\n    usage_output_tokens,\n    agent_name,\n    finish_reasons,\n    output_ref AS messages_ref_uri,\n    'output' AS message_type\n  FROM log_refs\n  WHERE output_ref IS NOT NULL\n),\n\n-- Join with completions external table and extract api_call_id once\njoined_data AS (\n  SELECT\n    lr.insert_id,\n    lr.timestamp,\n    lr.trace,\n    lr.span_id,\n    lr.conversation_id,\n    lr.usage_input_tokens,\n    lr.usage_output_tokens,\n    lr.agent_name,\n    lr.finish_reasons,\n    lr.messages_ref_uri,\n    lr.message_type,\n    SPLIT(REGEXP_EXTRACT(lr.messages_ref_uri, r'/([^/]+)\\.jsonl'), '_')[OFFSET(0)] AS api_call_id,\n    c.role,\n    c.parts,\n    c.index AS message_idx\n  FROM unpivoted_refs lr\n  JOIN `mktg-vdc-poc-r83n.restaurant_finder_telemetry.completions` c\n    ON lr.messages_ref_uri = c._FILE_NAME\n),\n\n-- Flatten the parts array\nflattened AS (\n  SELECT\n    insert_id,\n    timestamp,\n    trace,\n    span_id,\n    conversation_id,\n    usage_input_tokens,\n    usage_output_tokens,\n    agent_name,\n    finish_reasons,\n    messages_ref_uri,\n    message_type,\n    api_call_id,\n    role,\n    message_idx,\n    part_idx,\n    part.type AS part_type,\n    part.content,\n    part.uri,\n    part.mime_type,\n    TO_HEX(MD5(part.data)) AS data_md5_hex,\n    part.id AS tool_id,\n    part.name AS tool_name,\n    part.arguments AS tool_args,\n    part.response AS tool_response\n  FROM joined_data\n  CROSS JOIN UNNEST(parts) AS part WITH OFFSET AS part_idx\n),\n\n-- Stage 1: Deduplicate within a trace+span, keeping distinct spans\n-- (each LLM hop gets its own span_id).\ndedup_within_trace AS (\n  SELECT\n    *,\n    ROW_NUMBER() OVER (\n      PARTITION BY conversation_id, trace, span_id, message_type, role, message_idx, part_idx\n      ORDER BY timestamp DESC\n    ) AS row_num\n  FROM flattened\n),\n\n-- Stage 2: Deduplicate across traces within a conversation\n-- Input files contain full conversation history, so earlier messages repeat in later traces.\n-- For inputs: keep only the latest trace's copy of each message.\n-- For outputs: each trace has a unique response, so keep all.\ndedup_across_traces AS (\n  SELECT\n    *,\n    CASE\n      WHEN message_type = 'input' THEN ROW_NUMBER() OVER (\n        PARTITION BY conversation_id, message_type, role, message_idx, part_idx\n        ORDER BY timestamp ASC\n      )\n      ELSE 1\n    END AS cross_trace_row_num\n  FROM dedup_within_trace\n  WHERE row_num = 1\n)\n\nSELECT\n  -- Core identifiers and timestamps\n  timestamp,\n  insert_id,\n  trace,\n  span_id,\n  conversation_id,\n  api_call_id,\n\n  -- Message metadata\n  message_type,\n  role,\n  message_idx,\n  part_idx,\n\n  -- Message content\n  content,\n\n  -- Tool/function calling\n  part_type,\n  tool_name,\n  tool_args,\n  tool_response,\n\n  -- Usage metadata\n  usage_input_tokens,\n  usage_output_tokens,\n  agent_name,\n  finish_reasons,\n\n  -- Additional metadata\n  uri,\n  mime_type,\n  data_md5_hex,\n  messages_ref_uri\nFROM dedup_across_traces\nWHERE cross_trace_row_num = 1\n  -- Exclude assistant messages echoed back as input context (already captured as output)\n  AND NOT (message_type = 'input' AND role = 'assistant')\nORDER BY conversation_id ASC, timestamp ASC, message_type ASC, message_idx ASC, part_idx ASC\n",
                "use_legacy_sql": false
              }
            ]
          },
          "sensitive_attributes": [],
          "identity_schema_version": 0,
          "private": "bnVsbA==",
          "dependencies": [
            "google_bigquery_connection.genai_telemetry_connection",
            "google_bigquery_dataset.telemetry_dataset",
            "google_bigquery_table.completions_external_table",
            "google_bigquery_table.genai_logs_table",
            "google_logging_project_sink.genai_logs_to_bq",
            "google_project_service.services",
            "google_storage_bucket.logs_data_bucket",
            "google_storage_bucket_iam_member.telemetry_connection_access",
            "time_sleep.wait_for_bq_connection_sa"
          ]
        }
      ]
    },
    {
      "mode": "managed",
      "type": "google_bigquery_table",
      "name": "genai_logs_table",
      "provider": "provider[\"registry.terraform.io/hashicorp/google\"]",
      "instances": [
        {
          "schema_version": 0,
          "attributes": {
            "biglake_configuration": [],
            "clustering": null,
            "creation_time": 1787924857476,
            "dataset_id": "restaurant_finder_telemetry",
            "deletion_protection": false,
            "description": "GenAI inference logs exported directly from Cloud Logging",
            "effective_labels": {
              "goog-terraform-provisioned": "true"
            },
            "encryption_configuration": [],
            "etag": "P226AH4WcpkyLU8MTK43EQ==",
            "expiration_time": 0,
            "external_catalog_table_options": [],
            "external_data_configuration": [],
            "friendly_name": "",
            "generated_schema_columns": "",
            "id": "projects/mktg-vdc-poc-r83n/datasets/restaurant_finder_telemetry/tables/gen_ai_client_inference_operation_details",
            "ignore_auto_generated_schema": false,
            "ignore_schema_changes": null,
            "labels": null,
            "last_modified_time": 1787924857653,
            "location": "us-east1",
            "materialized_view": [],
            "max_staleness": "",
            "num_bytes": 0,
            "num_long_term_bytes": 0,
            "num_rows": 0,
            "project": "mktg-vdc-poc-r83n",
            "range_partitioning": [],
            "require_partition_filter": false,
            "resource_tags": null,
            "schema": "[{\"mode\":\"NULLABLE\",\"name\":\"logName\",\"type\":\"STRING\"},{\"mode\":\"NULLABLE\",\"name\":\"textPayload\",\"type\":\"STRING\"},{\"mode\":\"NULLABLE\",\"name\":\"timestamp\",\"type\":\"TIMESTAMP\"},{\"mode\":\"NULLABLE\",\"name\":\"receiveTimestamp\",\"type\":\"TIMESTAMP\"},{\"mode\":\"NULLABLE\",\"name\":\"severity\",\"type\":\"STRING\"},{\"mode\":\"NULLABLE\",\"name\":\"insertId\",\"type\":\"STRING\"},{\"mode\":\"NULLABLE\",\"name\":\"trace\",\"type\":\"STRING\"},{\"mode\":\"NULLABLE\",\"name\":\"spanId\",\"type\":\"STRING\"},{\"mode\":\"NULLABLE\",\"name\":\"traceSampled\",\"type\":\"BOOLEAN\"},{\"fields\":[{\"mode\":\"NULLABLE\",\"name\":\"type\",\"type\":\"STRING\"},{\"fields\":[{\"mode\":\"NULLABLE\",\"name\":\"project_id\",\"type\":\"STRING\"},{\"mode\":\"NULLABLE\",\"name\":\"location\",\"type\":\"STRING\"}],\"mode\":\"NULLABLE\",\"name\":\"labels\",\"type\":\"RECORD\"}],\"mode\":\"NULLABLE\",\"name\":\"resource\",\"type\":\"RECORD\"},{\"fields\":[{\"mode\":\"NULLABLE\",\"name\":\"gen_ai_conversation_id\",\"type\":\"STRING\"},{\"mode\":\"NULLABLE\",\"name\":\"gen_ai_agent_name\",\"type\":\"STRING\"},{\"mode\":\"NULLABLE\",\"name\":\"gen_ai_input_messages_ref\",\"type\":\"STRING\"},{\"mode\":\"NULLABLE\",\"name\":\"gen_ai_output_messages_ref\",\"type\":\"STRING\"},{\"mode\":\"NULLABLE\",\"name\":\"gen_ai_system_instructions_ref\",\"type\":\"STRING\"},{\"mode\":\"NULLABLE\",\"name\":\"gen_ai_usage_input_tokens\",\"type\":\"STRING\"},{\"mode\":\"NULLABLE\",\"name\":\"gen_ai_usage_output_tokens\",\"type\":\"STRING\"},{\"mode\":\"NULLABLE\",\"name\":\"gen_ai_response_finish_reasons\",\"type\":\"STRING\"},{\"mode\":\"NULLABLE\",\"name\":\"gen_ai_tool_definitions\",\"type\":\"STRING\"},{\"mode\":\"NULLABLE\",\"name\":\"gen_ai_tool_definitions_ref\",\"type\":\"STRING\"},{\"mode\":\"NULLABLE\",\"name\":\"gcp_vertex_agent_invocation_id\",\"type\":\"STRING\"},{\"mode\":\"NULLABLE\",\"name\":\"gcp_vertex_agent_event_id\",\"type\":\"STRING\"},{\"mode\":\"NULLABLE\",\"name\":\"event_name\",\"type\":\"STRING\"}],\"mode\":\"NULLABLE\",\"name\":\"labels\",\"type\":\"RECORD\"}]",
            "schema_foreign_type_info": [],
            "self_link": "https://bigquery.googleapis.com/bigquery/v2/projects/mktg-vdc-poc-r83n/datasets/restaurant_finder_telemetry/tables/gen_ai_client_inference_operation_details",
            "table_constraints": [],
            "table_id": "gen_ai_client_inference_operation_details",
            "table_metadata_view": null,
            "table_replication_info": [],
            "terraform_labels": {
              "goog-terraform-provisioned": "true"
            },
            "time_partitioning": [
              {
                "expiration_ms": 0,
                "field": "timestamp",
                "require_partition_filter": false,
                "type": "DAY"
              }
            ],
            "type": "TABLE",
            "view": []
          },
          "sensitive_attributes": [],
          "identity_schema_version": 0,
          "private": "bnVsbA==",
          "dependencies": [
            "google_bigquery_dataset.telemetry_dataset",
            "google_project_service.services"
          ]
        }
      ]
    },
    {
      "mode": "managed",
      "type": "google_cloud_run_v2_service",
      "name": "app",
      "provider": "provider[\"registry.terraform.io/hashicorp/google\"]",
      "instances": [
        {
          "schema_version": 0,
          "attributes": {
            "annotations": null,
            "binary_authorization": [],
            "build_config": [],
            "client": "",
            "client_version": "",
            "conditions": [
              {
                "execution_reason": "",
                "last_transition_time": "2026-08-28T13:47:56.038917Z",
                "message": "",
                "reason": "",
                "revision_reason": "",
                "severity": "",
                "state": "CONDITION_SUCCEEDED",
                "type": "RoutesReady"
              },
              {
                "execution_reason": "",
                "last_transition_time": "2026-08-28T13:47:51.557505Z",
                "message": "",
                "reason": "",
                "revision_reason": "",
                "severity": "",
                "state": "CONDITION_SUCCEEDED",
                "type": "ConfigurationsReady"
              }
            ],
            "create_time": "2026-08-28T13:47:50.228074Z",
            "creator": "tgameste@cisco.com",
            "custom_audiences": null,
            "default_uri_disabled": false,
            "delete_time": "",
            "deletion_protection": false,
            "description": "",
            "effective_annotations": {},
            "effective_labels": {
              "created-by": "adk",
              "goog-terraform-provisioned": "true"
            },
            "etag": "\"CIajxtQGEJDE4Gw/cHJvamVjdHMvbWt0Zy12ZGMtcG9jLXI4M24vbG9jYXRpb25zL3VzLWVhc3QxL3NlcnZpY2VzL3Jlc3RhdXJhbnQtZmluZGVy\"",
            "expire_time": "",
            "generation": "1",
            "iap_enabled": false,
            "id": "projects/mktg-vdc-poc-r83n/locations/us-east1/services/restaurant-finder",
            "ingress": "INGRESS_TRAFFIC_ALL",
            "invoker_iam_disabled": false,
            "labels": {
              "created-by": "adk"
            },
            "last_modifier": "tgameste@cisco.com",
            "latest_created_revision": "projects/mktg-vdc-poc-r83n/locations/us-east1/services/restaurant-finder/revisions/restaurant-finder-00001-g4h",
            "latest_ready_revision": "projects/mktg-vdc-poc-r83n/locations/us-east1/services/restaurant-finder/revisions/restaurant-finder-00001-g4h",
            "launch_stage": "GA",
            "location": "us-east1",
            "multi_region_settings": [],
            "name": "restaurant-finder",
            "observed_generation": "1",
            "project": "mktg-vdc-poc-r83n",
            "reconciling": false,
            "scaling": [
              {
                "manual_instance_count": 0,
                "max_instance_count": 100,
                "min_instance_count": 0,
                "scaling_mode": ""
              }
            ],
            "template": [
              {
                "annotations": null,
                "containers": [
                  {
                    "args": null,
                    "base_image_uri": "",
                    "build_info": [],
                    "command": null,
                    "depends_on": null,
                    "env": [
                      {
                        "name": "ADK_CAPTURE_MESSAGE_CONTENT_IN_SPANS",
                        "value": "false",
                        "value_source": []
                      },
                      {
                        "name": "APP_URL",
                        "value": "https://restaurant-finder-689632009240.us-east1.run.app",
                        "value_source": []
                      },
                      {
                        "name": "GOOGLE_CLOUD_LOCATION",
                        "value": "global",
                        "value_source": []
                      },
                      {
                        "name": "GOOGLE_CLOUD_PROJECT",
                        "value": "mktg-vdc-poc-r83n",
                        "value_source": []
                      },
                      {
                        "name": "GOOGLE_GENAI_USE_VERTEXAI",
                        "value": "True",
                        "value_source": []
                      },
                      {
                        "name": "LOGS_BUCKET_NAME",
                        "value": "mktg-vdc-poc-r83n-restaurant-finder-logs",
                        "value_source": []
                      },
                      {
                        "name": "OTEL_INSTRUMENTATION_GENAI_CAPTURE_MESSAGE_CONTENT",
                        "value": "NO_CONTENT",
                        "value_source": []
                      },
                      {
                        "name": "OTEL_INSTRUMENTATION_GENAI_COMPLETION_HOOK",
                        "value": "upload",
                        "value_source": []
                      },
                      {
                        "name": "OTEL_INSTRUMENTATION_GENAI_UPLOAD_BASE_PATH",
                        "value": "gs://mktg-vdc-poc-r83n-restaurant-finder-logs/completions",
                        "value_source": []
                      },
                      {
                        "name": "OTEL_INSTRUMENTATION_GENAI_UPLOAD_FORMAT",
                        "value": "jsonl",
                        "value_source": []
                      },
                      {
                        "name": "OTEL_SEMCONV_STABILITY_OPT_IN",
                        "value": "gen_ai_latest_experimental",
                        "value_source": []
                      },
                      {
                        "name": "OTEL_SERVICE_NAME",
                        "value": "restaurant-finder",
                        "value_source": []
                      }
                    ],
                    "image": "us-docker.pkg.dev/cloudrun/container/hello",
                    "liveness_probe": [],
                    "name": "",
                    "ports": [
                      {
                        "container_port": 8080,
                        "name": "http1"
                      }
                    ],
                    "readiness_probe": [],
                    "resources": [
                      {
                        "cpu_idle": false,
                        "limits": {
                          "cpu": "1",
                          "memory": "4Gi"
                        },
                        "startup_cpu_boost": false
                      }
                    ],
                    "startup_probe": [
                      {
                        "failure_threshold": 1,
                        "grpc": [],
                        "http_get": [],
                        "initial_delay_seconds": 0,
                        "period_seconds": 240,
                        "tcp_socket": [
                          {
                            "port": 8080
                          }
                        ],
                        "timeout_seconds": 240
                      }
                    ],
                    "volume_mounts": [],
                    "working_dir": ""
                  }
                ],
                "encryption_key": "",
                "execution_environment": "",
                "gpu_zonal_redundancy_disabled": false,
                "health_check_disabled": false,
                "labels": null,
                "max_instance_request_concurrency": 8,
                "node_selector": [],
                "revision": "",
                "scaling": [
                  {
                    "max_instance_count": 10,
                    "min_instance_count": 1
                  }
                ],
                "service_account": "restaurant-finder-app@mktg-vdc-poc-r83n.iam.gserviceaccount.com",
                "session_affinity": true,
                "timeout": "300s",
                "volumes": [],
                "vpc_access": []
              }
            ],
            "terminal_condition": [
              {
                "execution_reason": "",
                "last_transition_time": "2026-08-28T13:47:56.078154Z",
                "message": "",
                "reason": "",
                "revision_reason": "",
                "severity": "",
                "state": "CONDITION_SUCCEEDED",
                "type": "Ready"
              }
            ],
            "terraform_labels": {
              "created-by": "adk",
              "goog-terraform-provisioned": "true"
            },
            "timeouts": null,
            "traffic": [
              {
                "percent": 100,
                "revision": "",
                "tag": "",
                "type": "TRAFFIC_TARGET_ALLOCATION_TYPE_LATEST"
              }
            ],
            "traffic_statuses": [
              {
                "percent": 100,
                "revision": "",
                "tag": "",
                "type": "TRAFFIC_TARGET_ALLOCATION_TYPE_LATEST",
                "uri": ""
              }
            ],
            "uid": "22258c26-cf59-4a7b-bce9-9175728fdab6",
            "update_time": "2026-08-28T13:47:50.228074Z",
            "uri": "https://restaurant-finder-7qtiac2pdq-ue.a.run.app",
            "urls": [
              "https://restaurant-finder-689632009240.us-east1.run.app",
              "https://restaurant-finder-7qtiac2pdq-ue.a.run.app"
            ]
          },
          "sensitive_attributes": [],
          "identity_schema_version": 1,
          "identity": {
            "location": "us-east1",
            "name": "restaurant-finder",
            "project": "mktg-vdc-poc-r83n"
          },
          "private": "eyJlMmJmYjczMC1lY2FhLTExZTYtOGY4OC0zNDM2M2JjN2M0YzAiOnsiY3JlYXRlIjoxMjAwMDAwMDAwMDAwLCJkZWxldGUiOjEyMDAwMDAwMDAwMDAsInVwZGF0ZSI6MTIwMDAwMDAwMDAwMH19",
          "dependencies": [
            "data.google_project.project",
            "google_project_service.services",
            "google_service_account.app_sa",
            "google_storage_bucket.logs_data_bucket"
          ]
        }
      ]
    },
    {
      "mode": "managed",
      "type": "google_logging_project_sink",
      "name": "genai_logs_to_bq",
      "provider": "provider[\"registry.terraform.io/hashicorp/google\"]",
      "instances": [
        {
          "schema_version": 0,
          "attributes": {
            "bigquery_options": [
              {
                "use_partitioned_tables": true
              }
            ],
            "custom_writer_identity": null,
            "description": "",
            "destination": "bigquery.googleapis.com/projects/mktg-vdc-poc-r83n/datasets/restaurant_finder_telemetry",
            "disabled": false,
            "exclusions": [],
            "filter": "labels.\"event.name\"=\"gen_ai.client.inference.operation.details\" AND (labels.\"gen_ai.input.messages_ref\" =~ \".*restaurant-finder.*\" OR labels.\"gen_ai.output.messages_ref\" =~ \".*restaurant-finder.*\")",
            "id": "projects/mktg-vdc-poc-r83n/sinks/restaurant-finder-genai-logs",
            "name": "restaurant-finder-genai-logs",
            "project": "mktg-vdc-poc-r83n",
            "unique_writer_identity": true,
            "writer_identity": "serviceAccount:service-689632009240@gcp-sa-logging.iam.gserviceaccount.com"
          },
          "sensitive_attributes": [],
          "identity_schema_version": 0,
          "private": "bnVsbA==",
          "dependencies": [
            "google_bigquery_dataset.telemetry_dataset",
            "google_project_service.services"
          ]
        }
      ]
    },
    {
      "mode": "managed",
      "type": "google_project_iam_member",
      "name": "app_sa_roles",
      "provider": "provider[\"registry.terraform.io/hashicorp/google\"]",
      "instances": [
        {
          "index_key": "default,roles/aiplatform.user",
          "schema_version": 0,
          "attributes": {
            "condition": [],
            "etag": "BwZaG7L7EbM=",
            "id": "mktg-vdc-poc-r83n/roles/aiplatform.user/serviceAccount:restaurant-finder-app@mktg-vdc-poc-r83n.iam.gserviceaccount.com",
            "member": "serviceAccount:restaurant-finder-app@mktg-vdc-poc-r83n.iam.gserviceaccount.com",
            "project": "mktg-vdc-poc-r83n",
            "role": "roles/aiplatform.user"
          },
          "sensitive_attributes": [],
          "identity_schema_version": 0,
          "private": "bnVsbA==",
          "dependencies": [
            "google_project_service.services",
            "google_service_account.app_sa"
          ]
        },
        {
          "index_key": "default,roles/cloudtrace.agent",
          "schema_version": 0,
          "attributes": {
            "condition": [],
            "etag": "BwZaG7L7EbM=",
            "id": "mktg-vdc-poc-r83n/roles/cloudtrace.agent/serviceAccount:restaurant-finder-app@mktg-vdc-poc-r83n.iam.gserviceaccount.com",
            "member": "serviceAccount:restaurant-finder-app@mktg-vdc-poc-r83n.iam.gserviceaccount.com",
            "project": "mktg-vdc-poc-r83n",
            "role": "roles/cloudtrace.agent"
          },
          "sensitive_attributes": [],
          "identity_schema_version": 0,
          "private": "bnVsbA==",
          "dependencies": [
            "google_project_service.services",
            "google_service_account.app_sa"
          ]
        },
        {
          "index_key": "default,roles/logging.logWriter",
          "schema_version": 0,
          "attributes": {
            "condition": [],
            "etag": "BwZaG7L7EbM=",
            "id": "mktg-vdc-poc-r83n/roles/logging.logWriter/serviceAccount:restaurant-finder-app@mktg-vdc-poc-r83n.iam.gserviceaccount.com",
            "member": "serviceAccount:restaurant-finder-app@mktg-vdc-poc-r83n.iam.gserviceaccount.com",
            "project": "mktg-vdc-poc-r83n",
            "role": "roles/logging.logWriter"
          },
          "sensitive_attributes": [],
          "identity_schema_version": 0,
          "private": "bnVsbA==",
          "dependencies": [
            "google_project_service.services",
            "google_service_account.app_sa"
          ]
        },
        {
          "index_key": "default,roles/serviceusage.serviceUsageConsumer",
          "schema_version": 0,
          "attributes": {
            "condition": [],
            "etag": "BwZaG7L7EbM=",
            "id": "mktg-vdc-poc-r83n/roles/serviceusage.serviceUsageConsumer/serviceAccount:restaurant-finder-app@mktg-vdc-poc-r83n.iam.gserviceaccount.com",
            "member": "serviceAccount:restaurant-finder-app@mktg-vdc-poc-r83n.iam.gserviceaccount.com",
            "project": "mktg-vdc-poc-r83n",
            "role": "roles/serviceusage.serviceUsageConsumer"
          },
          "sensitive_attributes": [],
          "identity_schema_version": 0,
          "private": "bnVsbA==",
          "dependencies": [
            "google_project_service.services",
            "google_service_account.app_sa"
          ]
        },
        {
          "index_key": "default,roles/storage.admin",
          "schema_version": 0,
          "attributes": {
            "condition": [],
            "etag": "BwZaG7L7EbM=",
            "id": "mktg-vdc-poc-r83n/roles/storage.admin/serviceAccount:restaurant-finder-app@mktg-vdc-poc-r83n.iam.gserviceaccount.com",
            "member": "serviceAccount:restaurant-finder-app@mktg-vdc-poc-r83n.iam.gserviceaccount.com",
            "project": "mktg-vdc-poc-r83n",
            "role": "roles/storage.admin"
          },
          "sensitive_attributes": [],
          "identity_schema_version": 0,
          "private": "bnVsbA==",
          "dependencies": [
            "google_project_service.services",
            "google_service_account.app_sa"
          ]
        }
      ]
    },
    {
      "mode": "managed",
      "type": "google_project_service",
      "name": "services",
      "provider": "provider[\"registry.terraform.io/hashicorp/google\"]",
      "instances": [
        {
          "index_key": 0,
          "schema_version": 0,
          "attributes": {
            "disable_dependent_services": null,
            "disable_on_destroy": false,
            "id": "mktg-vdc-poc-r83n/aiplatform.googleapis.com",
            "project": "mktg-vdc-poc-r83n",
            "service": "aiplatform.googleapis.com",
            "timeouts": null
          },
          "sensitive_attributes": [],
          "identity_schema_version": 0,
          "private": "eyJlMmJmYjczMC1lY2FhLTExZTYtOGY4OC0zNDM2M2JjN2M0YzAiOnsiY3JlYXRlIjoxMjAwMDAwMDAwMDAwLCJkZWxldGUiOjEyMDAwMDAwMDAwMDAsInJlYWQiOjYwMDAwMDAwMDAwMCwidXBkYXRlIjoxMjAwMDAwMDAwMDAwfX0="
        },
        {
          "index_key": 1,
          "schema_version": 0,
          "attributes": {
            "disable_dependent_services": null,
            "disable_on_destroy": false,
            "id": "mktg-vdc-poc-r83n/cloudbuild.googleapis.com",
            "project": "mktg-vdc-poc-r83n",
            "service": "cloudbuild.googleapis.com",
            "timeouts": null
          },
          "sensitive_attributes": [],
          "identity_schema_version": 0,
          "private": "eyJlMmJmYjczMC1lY2FhLTExZTYtOGY4OC0zNDM2M2JjN2M0YzAiOnsiY3JlYXRlIjoxMjAwMDAwMDAwMDAwLCJkZWxldGUiOjEyMDAwMDAwMDAwMDAsInJlYWQiOjYwMDAwMDAwMDAwMCwidXBkYXRlIjoxMjAwMDAwMDAwMDAwfX0="
        },
        {
          "index_key": 2,
          "schema_version": 0,
          "attributes": {
            "disable_dependent_services": null,
            "disable_on_destroy": false,
            "id": "mktg-vdc-poc-r83n/run.googleapis.com",
            "project": "mktg-vdc-poc-r83n",
            "service": "run.googleapis.com",
            "timeouts": null
          },
          "sensitive_attributes": [],
          "identity_schema_version": 0,
          "private": "eyJlMmJmYjczMC1lY2FhLTExZTYtOGY4OC0zNDM2M2JjN2M0YzAiOnsiY3JlYXRlIjoxMjAwMDAwMDAwMDAwLCJkZWxldGUiOjEyMDAwMDAwMDAwMDAsInJlYWQiOjYwMDAwMDAwMDAwMCwidXBkYXRlIjoxMjAwMDAwMDAwMDAwfX0="
        },
        {
          "index_key": 3,
          "schema_version": 0,
          "attributes": {
            "disable_dependent_services": null,
            "disable_on_destroy": false,
            "id": "mktg-vdc-poc-r83n/bigquery.googleapis.com",
            "project": "mktg-vdc-poc-r83n",
            "service": "bigquery.googleapis.com",
            "timeouts": null
          },
          "sensitive_attributes": [],
          "identity_schema_version": 0,
          "private": "eyJlMmJmYjczMC1lY2FhLTExZTYtOGY4OC0zNDM2M2JjN2M0YzAiOnsiY3JlYXRlIjoxMjAwMDAwMDAwMDAwLCJkZWxldGUiOjEyMDAwMDAwMDAwMDAsInJlYWQiOjYwMDAwMDAwMDAwMCwidXBkYXRlIjoxMjAwMDAwMDAwMDAwfX0="
        },
        {
          "index_key": 4,
          "schema_version": 0,
          "attributes": {
            "disable_dependent_services": null,
            "disable_on_destroy": false,
            "id": "mktg-vdc-poc-r83n/cloudresourcemanager.googleapis.com",
            "project": "mktg-vdc-poc-r83n",
            "service": "cloudresourcemanager.googleapis.com",
            "timeouts": null
          },
          "sensitive_attributes": [],
          "identity_schema_version": 0,
          "private": "eyJlMmJmYjczMC1lY2FhLTExZTYtOGY4OC0zNDM2M2JjN2M0YzAiOnsiY3JlYXRlIjoxMjAwMDAwMDAwMDAwLCJkZWxldGUiOjEyMDAwMDAwMDAwMDAsInJlYWQiOjYwMDAwMDAwMDAwMCwidXBkYXRlIjoxMjAwMDAwMDAwMDAwfX0="
        },
        {
          "index_key": 5,
          "schema_version": 0,
          "attributes": {
            "disable_dependent_services": null,
            "disable_on_destroy": false,
            "id": "mktg-vdc-poc-r83n/iam.googleapis.com",
            "project": "mktg-vdc-poc-r83n",
            "service": "iam.googleapis.com",
            "timeouts": null
          },
          "sensitive_attributes": [],
          "identity_schema_version": 0,
          "private": "eyJlMmJmYjczMC1lY2FhLTExZTYtOGY4OC0zNDM2M2JjN2M0YzAiOnsiY3JlYXRlIjoxMjAwMDAwMDAwMDAwLCJkZWxldGUiOjEyMDAwMDAwMDAwMDAsInJlYWQiOjYwMDAwMDAwMDAwMCwidXBkYXRlIjoxMjAwMDAwMDAwMDAwfX0="
        },
        {
          "index_key": 6,
          "schema_version": 0,
          "attributes": {
            "disable_dependent_services": null,
            "disable_on_destroy": false,
            "id": "mktg-vdc-poc-r83n/serviceusage.googleapis.com",
            "project": "mktg-vdc-poc-r83n",
            "service": "serviceusage.googleapis.com",
            "timeouts": null
          },
          "sensitive_attributes": [],
          "identity_schema_version": 0,
          "private": "eyJlMmJmYjczMC1lY2FhLTExZTYtOGY4OC0zNDM2M2JjN2M0YzAiOnsiY3JlYXRlIjoxMjAwMDAwMDAwMDAwLCJkZWxldGUiOjEyMDAwMDAwMDAwMDAsInJlYWQiOjYwMDAwMDAwMDAwMCwidXBkYXRlIjoxMjAwMDAwMDAwMDAwfX0="
        },
        {
          "index_key": 7,
          "schema_version": 0,
          "attributes": {
            "disable_dependent_services": null,
            "disable_on_destroy": false,
            "id": "mktg-vdc-poc-r83n/logging.googleapis.com",
            "project": "mktg-vdc-poc-r83n",
            "service": "logging.googleapis.com",
            "timeouts": null
          },
          "sensitive_attributes": [],
          "identity_schema_version": 0,
          "private": "eyJlMmJmYjczMC1lY2FhLTExZTYtOGY4OC0zNDM2M2JjN2M0YzAiOnsiY3JlYXRlIjoxMjAwMDAwMDAwMDAwLCJkZWxldGUiOjEyMDAwMDAwMDAwMDAsInJlYWQiOjYwMDAwMDAwMDAwMCwidXBkYXRlIjoxMjAwMDAwMDAwMDAwfX0="
        },
        {
          "index_key": 8,
          "schema_version": 0,
          "attributes": {
            "disable_dependent_services": null,
            "disable_on_destroy": false,
            "id": "mktg-vdc-poc-r83n/cloudtrace.googleapis.com",
            "project": "mktg-vdc-poc-r83n",
            "service": "cloudtrace.googleapis.com",
            "timeouts": null
          },
          "sensitive_attributes": [],
          "identity_schema_version": 0,
          "private": "eyJlMmJmYjczMC1lY2FhLTExZTYtOGY4OC0zNDM2M2JjN2M0YzAiOnsiY3JlYXRlIjoxMjAwMDAwMDAwMDAwLCJkZWxldGUiOjEyMDAwMDAwMDAwMDAsInJlYWQiOjYwMDAwMDAwMDAwMCwidXBkYXRlIjoxMjAwMDAwMDAwMDAwfX0="
        },
        {
          "index_key": 9,
          "schema_version": 0,
          "attributes": {
            "disable_dependent_services": null,
            "disable_on_destroy": false,
            "id": "mktg-vdc-poc-r83n/telemetry.googleapis.com",
            "project": "mktg-vdc-poc-r83n",
            "service": "telemetry.googleapis.com",
            "timeouts": null
          },
          "sensitive_attributes": [],
          "identity_schema_version": 0,
          "private": "eyJlMmJmYjczMC1lY2FhLTExZTYtOGY4OC0zNDM2M2JjN2M0YzAiOnsiY3JlYXRlIjoxMjAwMDAwMDAwMDAwLCJkZWxldGUiOjEyMDAwMDAwMDAwMDAsInJlYWQiOjYwMDAwMDAwMDAwMCwidXBkYXRlIjoxMjAwMDAwMDAwMDAwfX0="
        }
      ]
    },
    {
      "mode": "managed",
      "type": "google_project_service_identity",
      "name": "vertex_sa",
      "provider": "provider[\"registry.terraform.io/hashicorp/google-beta\"]",
      "instances": [
        {
          "schema_version": 0,
          "attributes": {
            "email": "service-689632009240@gcp-sa-aiplatform.iam.gserviceaccount.com",
            "id": "projects/mktg-vdc-poc-r83n/services/aiplatform.googleapis.com",
            "member": "serviceAccount:service-689632009240@gcp-sa-aiplatform.iam.gserviceaccount.com",
            "project": "mktg-vdc-poc-r83n",
            "service": "aiplatform.googleapis.com",
            "timeouts": null
          },
          "sensitive_attributes": [],
          "identity_schema_version": 0,
          "private": "eyJlMmJmYjczMC1lY2FhLTExZTYtOGY4OC0zNDM2M2JjN2M0YzAiOnsiY3JlYXRlIjoxMjAwMDAwMDAwMDAwLCJkZWxldGUiOjEyMDAwMDAwMDAwMDAsInJlYWQiOjYwMDAwMDAwMDAwMH19"
        }
      ]
    },
    {
      "mode": "managed",
      "type": "google_service_account",
      "name": "app_sa",
      "provider": "provider[\"registry.terraform.io/hashicorp/google\"]",
      "instances": [
        {
          "schema_version": 0,
          "attributes": {
            "account_id": "restaurant-finder-app",
            "create_ignore_already_exists": null,
            "description": "",
            "disabled": false,
            "display_name": "restaurant-finder Agent Service Account",
            "email": "restaurant-finder-app@mktg-vdc-poc-r83n.iam.gserviceaccount.com",
            "id": "projects/mktg-vdc-poc-r83n/serviceAccounts/restaurant-finder-app@mktg-vdc-poc-r83n.iam.gserviceaccount.com",
            "member": "serviceAccount:restaurant-finder-app@mktg-vdc-poc-r83n.iam.gserviceaccount.com",
            "name": "projects/mktg-vdc-poc-r83n/serviceAccounts/restaurant-finder-app@mktg-vdc-poc-r83n.iam.gserviceaccount.com",
            "project": "mktg-vdc-poc-r83n",
            "timeouts": null,
            "unique_id": "105006562386855216764"
          },
          "sensitive_attributes": [],
          "identity_schema_version": 0,
          "private": "eyJlMmJmYjczMC1lY2FhLTExZTYtOGY4OC0zNDM2M2JjN2M0YzAiOnsiY3JlYXRlIjozMDAwMDAwMDAwMDB9fQ==",
          "dependencies": [
            "google_project_service.services"
          ]
        }
      ]
    },
    {
      "mode": "managed",
      "type": "google_storage_bucket",
      "name": "logs_data_bucket",
      "provider": "provider[\"registry.terraform.io/hashicorp/google\"]",
      "instances": [
        {
          "schema_version": 4,
          "attributes": {
            "autoclass": [],
            "cors": [],
            "custom_placement_config": [],
            "default_event_based_hold": false,
            "effective_labels": {
              "goog-terraform-provisioned": "true"
            },
            "enable_object_retention": false,
            "encryption": [],
            "force_destroy": false,
            "hierarchical_namespace": [
              {
                "enabled": false
              }
            ],
            "id": "mktg-vdc-poc-r83n-restaurant-finder-logs",
            "ip_filter": [],
            "labels": null,
            "lifecycle_rule": [],
            "location": "US-EAST1",
            "logging": [],
            "name": "mktg-vdc-poc-r83n-restaurant-finder-logs",
            "project": "mktg-vdc-poc-r83n",
            "project_number": 689632009240,
            "public_access_prevention": "inherited",
            "requester_pays": false,
            "retention_policy": [],
            "rpo": null,
            "self_link": "https://www.googleapis.com/storage/v1/b/mktg-vdc-poc-r83n-restaurant-finder-logs",
            "soft_delete_policy": [
              {
                "effective_time": "2026-08-28T13:47:37.048Z",
                "retention_duration_seconds": 604800
              }
            ],
            "storage_class": "STANDARD",
            "terraform_labels": {
              "goog-terraform-provisioned": "true"
            },
            "time_created": "2026-08-28T13:47:37.048Z",
            "timeouts": null,
            "uniform_bucket_level_access": true,
            "updated": "2026-08-28T13:47:37.048Z",
            "url": "gs://mktg-vdc-poc-r83n-restaurant-finder-logs",
            "versioning": [],
            "website": []
          },
          "sensitive_attributes": [],
          "identity_schema_version": 0,
          "private": "eyJlMmJmYjczMC1lY2FhLTExZTYtOGY4OC0zNDM2M2JjN2M0YzAiOnsiY3JlYXRlIjo2MDAwMDAwMDAwMDAsInJlYWQiOjI0MDAwMDAwMDAwMCwidXBkYXRlIjoyNDAwMDAwMDAwMDB9LCJzY2hlbWFfdmVyc2lvbiI6IjQifQ==",
          "dependencies": [
            "google_project_service.services"
          ]
        }
      ]
    },
    {
      "mode": "managed",
      "type": "google_storage_bucket_iam_member",
      "name": "telemetry_connection_access",
      "provider": "provider[\"registry.terraform.io/hashicorp/google\"]",
      "instances": [
        {
          "schema_version": 0,
          "attributes": {
            "bucket": "b/mktg-vdc-poc-r83n-restaurant-finder-logs",
            "condition": [],
            "etag": "CAI=",
            "id": "b/mktg-vdc-poc-r83n-restaurant-finder-logs/roles/storage.objectViewer/serviceAccount:bqcx-689632009240-jv1l@gcp-sa-bigquery-condel.iam.gserviceaccount.com",
            "member": "serviceAccount:bqcx-689632009240-jv1l@gcp-sa-bigquery-condel.iam.gserviceaccount.com",
            "role": "roles/storage.objectViewer",
            "timeouts": null
          },
          "sensitive_attributes": [],
          "identity_schema_version": 0,
          "private": "eyJlMmJmYjczMC1lY2FhLTExZTYtOGY4OC0zNDM2M2JjN2M0YzAiOnsiY3JlYXRlIjoxMjAwMDAwMDAwMDAwfX0=",
          "dependencies": [
            "google_bigquery_connection.genai_telemetry_connection",
            "google_project_service.services",
            "google_storage_bucket.logs_data_bucket",
            "time_sleep.wait_for_bq_connection_sa"
          ]
        }
      ]
    },
    {
      "mode": "managed",
      "type": "time_sleep",
      "name": "wait_for_bq_connection_sa",
      "provider": "provider[\"registry.terraform.io/hashicorp/time\"]",
      "instances": [
        {
          "schema_version": 0,
          "attributes": {
            "create_duration": "10s",
            "destroy_duration": null,
            "id": "2026-08-28T13:47:46Z",
            "triggers": null
          },
          "sensitive_attributes": [],
          "identity_schema_version": 0,
          "dependencies": [
            "google_bigquery_connection.genai_telemetry_connection",
            "google_project_service.services"
          ]
        }
      ]
    }
  ],
  "check_results": null
}
